
Microsoft Visual Studio Solution File, Format Version 12.00
# Visual Studio 15
VisualStudioVersion = 15.0.28307.757
MinimumVisualStudioVersion = 10.0.40219.1
Project("{FAE04EC0-301F-11D3-BF4B-00C04F79EFBC}") = "Desafio_Agenda", "Desafio_Agenda\Desafio_Agenda.csproj", "{1850CF0E-BEA6-47C4-88C0-8BCCBDD8C830}"
EndProject
Global
	GlobalSection(SolutionConfigurationPlatforms) = preSolution
		Debug|Any CPU = Debug|Any CPU
		Release|Any CPU = Release|Any CPU
	EndGlobalSection
	GlobalSection(ProjectConfigurationPlatforms) = postSolution
		{1850CF0E-BEA6-47C4-88C0-8BCCBDD8C830}.Debug|Any CPU.ActiveCfg = Debug|Any CPU
		{1850CF0E-BEA6-47C4-88C0-8BCCBDD8C830}.Debug|Any CPU.Build.0 = Debug|Any CPU
		{1850CF0E-BEA6-47C4-88C0-8BCCBDD8C830}.Release|Any CPU.ActiveCfg = Release|Any CPU
		{1850CF0E-BEA6-47C4-88C0-8BCCBDD8C830}.Release|Any CPU.Build.0 = Release|Any CPU
	EndGlobalSection
	GlobalSection(SolutionProperties) = preSolution
		HideSolutionNode = FALSE
	EndGlobalSection
	GlobalSection(ExtensibilityGlobals) = postSolution
		SolutionGuid = {6FF9715B-95E6-43FB-8123-4824A0F2EC5D}
	EndGlobalSection
EndGlobal
